
Microsoft Visual Studio Solution File, Format Version 12.00
# Visual Studio Version 17
VisualStudioVersion = 17.7.34221.43
MinimumVisualStudioVersion = 10.0.40219.1
Project("{9A19103F-16F7-4668-BE54-9A1E7A4F7556}") = "SQLConnectionADO", "SQLConnectionADO\SQLConnectionADO.csproj", "{D3C3A06B-B5BA-4F12-AF3A-0AE810D478C4}"
EndProject
Project("{FAE04EC0-301F-11D3-BF4B-00C04F79EFBC}") = "SQlConnectionADO2", "SQlConnectionADO2\SQlConnectionADO2.csproj", "{CE17EC1A-BBAF-4F7C-BDD0-4CD5DC00CC33}"
EndProject
Project("{FAE04EC0-301F-11D3-BF4B-00C04F79EFBC}") = "SQLConnectionADO3", "SQLConnectionADO3\SQLConnectionADO3.csproj", "{1C2ECF6F-6449-4F9F-BAE1-F3AE103EBEB7}"
EndProject
Project("{00D1A9C2-B5F0-4AF3-8072-F6C62B433612}") = "ADO.SqlServer", "ADO.SqlServer\ADO.SqlServer.sqlproj", "{9025B984-A5E1-4089-9BFA-63278DD67F54}"
EndProject
Project("{FAE04EC0-301F-11D3-BF4B-00C04F79EFBC}") = "SQLConnectionADO4", "SQLConnectionADO4\SQLConnectionADO4.csproj", "{016C6F52-AD3A-4073-BE82-79EFF17FED9B}"
EndProject
Project("{9A19103F-16F7-4668-BE54-9A1E7A4F7556}") = "WpfApp", "WpfApp\WpfApp.csproj", "{10F4BD50-FBB2-4A0C-A605-9B7304F460BC}"
EndProject
Project("{FAE04EC0-301F-11D3-BF4B-00C04F79EFBC}") = "WpfAppDemo", "WpfAppDemo\WpfAppDemo.csproj", "{0DB74B25-9C13-4D75-9520-65BE1A4B7013}"
EndProject
Global
	GlobalSection(SolutionConfigurationPlatforms) = preSolution
		Debug|Any CPU = Debug|Any CPU
		Release|Any CPU = Release|Any CPU
	EndGlobalSection
	GlobalSection(ProjectConfigurationPlatforms) = postSolution
		{D3C3A06B-B5BA-4F12-AF3A-0AE810D478C4}.Debug|Any CPU.ActiveCfg = Debug|Any CPU
		{D3C3A06B-B5BA-4F12-AF3A-0AE810D478C4}.Debug|Any CPU.Build.0 = Debug|Any CPU
		{D3C3A06B-B5BA-4F12-AF3A-0AE810D478C4}.Release|Any CPU.ActiveCfg = Release|Any CPU
		{D3C3A06B-B5BA-4F12-AF3A-0AE810D478C4}.Release|Any CPU.Build.0 = Release|Any CPU
		{CE17EC1A-BBAF-4F7C-BDD0-4CD5DC00CC33}.Debug|Any CPU.ActiveCfg = Debug|Any CPU
		{CE17EC1A-BBAF-4F7C-BDD0-4CD5DC00CC33}.Debug|Any CPU.Build.0 = Debug|Any CPU
		{CE17EC1A-BBAF-4F7C-BDD0-4CD5DC00CC33}.Release|Any CPU.ActiveCfg = Release|Any CPU
		{CE17EC1A-BBAF-4F7C-BDD0-4CD5DC00CC33}.Release|Any CPU.Build.0 = Release|Any CPU
		{1C2ECF6F-6449-4F9F-BAE1-F3AE103EBEB7}.Debug|Any CPU.ActiveCfg = Debug|Any CPU
		{1C2ECF6F-6449-4F9F-BAE1-F3AE103EBEB7}.Debug|Any CPU.Build.0 = Debug|Any CPU
		{1C2ECF6F-6449-4F9F-BAE1-F3AE103EBEB7}.Release|Any CPU.ActiveCfg = Release|Any CPU
		{1C2ECF6F-6449-4F9F-BAE1-F3AE103EBEB7}.Release|Any CPU.Build.0 = Release|Any CPU
		{9025B984-A5E1-4089-9BFA-63278DD67F54}.Debug|Any CPU.ActiveCfg = Debug|Any CPU
		{9025B984-A5E1-4089-9BFA-63278DD67F54}.Debug|Any CPU.Build.0 = Debug|Any CPU
		{9025B984-A5E1-4089-9BFA-63278DD67F54}.Debug|Any CPU.Deploy.0 = Debug|Any CPU
		{9025B984-A5E1-4089-9BFA-63278DD67F54}.Release|Any CPU.ActiveCfg = Release|Any CPU
		{9025B984-A5E1-4089-9BFA-63278DD67F54}.Release|Any CPU.Build.0 = Release|Any CPU
		{9025B984-A5E1-4089-9BFA-63278DD67F54}.Release|Any CPU.Deploy.0 = Release|Any CPU
		{016C6F52-AD3A-4073-BE82-79EFF17FED9B}.Debug|Any CPU.ActiveCfg = Debug|Any CPU
		{016C6F52-AD3A-4073-BE82-79EFF17FED9B}.Debug|Any CPU.Build.0 = Debug|Any CPU
		{016C6F52-AD3A-4073-BE82-79EFF17FED9B}.Release|Any CPU.ActiveCfg = Release|Any CPU
		{016C6F52-AD3A-4073-BE82-79EFF17FED9B}.Release|Any CPU.Build.0 = Release|Any CPU
		{10F4BD50-FBB2-4A0C-A605-9B7304F460BC}.Debug|Any CPU.ActiveCfg = Debug|Any CPU
		{10F4BD50-FBB2-4A0C-A605-9B7304F460BC}.Debug|Any CPU.Build.0 = Debug|Any CPU
		{10F4BD50-FBB2-4A0C-A605-9B7304F460BC}.Release|Any CPU.ActiveCfg = Release|Any CPU
		{10F4BD50-FBB2-4A0C-A605-9B7304F460BC}.Release|Any CPU.Build.0 = Release|Any CPU
		{0DB74B25-9C13-4D75-9520-65BE1A4B7013}.Debug|Any CPU.ActiveCfg = Debug|Any CPU
		{0DB74B25-9C13-4D75-9520-65BE1A4B7013}.Debug|Any CPU.Build.0 = Debug|Any CPU
		{0DB74B25-9C13-4D75-9520-65BE1A4B7013}.Release|Any CPU.ActiveCfg = Release|Any CPU
		{0DB74B25-9C13-4D75-9520-65BE1A4B7013}.Release|Any CPU.Build.0 = Release|Any CPU
	EndGlobalSection
	GlobalSection(SolutionProperties) = preSolution
		HideSolutionNode = FALSE
	EndGlobalSection
	GlobalSection(ExtensibilityGlobals) = postSolution
		SolutionGuid = {52C2CD73-5969-498B-8D16-835B1E1A0A0C}
	EndGlobalSection
EndGlobal
